
Microsoft Visual Studio Solution File, Format Version 12.00
# Visual Studio Version 16
VisualStudioVersion = 16.0.30104.148
MinimumVisualStudioVersion = 10.0.40219.1
Project("{FAE04EC0-301F-11D3-BF4B-00C04F79EFBC}") = "Lab_Week_05", "Lab_Week_05\Lab_Week_05.csproj", "{E59751FC-380A-436B-91C2-2DD6F97BECCD}"
EndProject
Global
	GlobalSection(SolutionConfigurationPlatforms) = preSolution
		Debug|Any CPU = Debug|Any CPU
		Release|Any CPU = Release|Any CPU
	EndGlobalSection
	GlobalSection(ProjectConfigurationPlatforms) = postSolution
		{E59751FC-380A-436B-91C2-2DD6F97BECCD}.Debug|Any CPU.ActiveCfg = Debug|Any CPU
		{E59751FC-380A-436B-91C2-2DD6F97BECCD}.Debug|Any CPU.Build.0 = Debug|Any CPU
		{E59751FC-380A-436B-91C2-2DD6F97BECCD}.Release|Any CPU.ActiveCfg = Release|Any CPU
		{E59751FC-380A-436B-91C2-2DD6F97BECCD}.Release|Any CPU.Build.0 = Release|Any CPU
	EndGlobalSection
	GlobalSection(SolutionProperties) = preSolution
		HideSolutionNode = FALSE
	EndGlobalSection
	GlobalSection(ExtensibilityGlobals) = postSolution
		SolutionGuid = {8ED466D7-D5FB-48FA-B127-4768B6E1E82E}
	EndGlobalSection
EndGlobal
